
Microsoft Visual Studio Solution File, Format Version 12.00
# Visual Studio Version 17
VisualStudioVersion = 17.8.34004.107
MinimumVisualStudioVersion = 10.0.40219.1
Project("{9A19103F-16F7-4668-BE54-9A1E7A4F7556}") = "Xamarin.ANRWatchDog", "ANRWatchDog\Xamarin.ANRWatchDog.csproj", "{D634E50C-9657-4211-B05D-FB39427AD6E9}"
EndProject
Project("{9A19103F-16F7-4668-BE54-9A1E7A4F7556}") = "ANRTestApp", "ANRTestApp\ANRTestApp.csproj", "{014696BB-2DB0-49EF-BAF6-FF03713ADD64}"
EndProject
Global
	GlobalSection(SolutionConfigurationPlatforms) = preSolution
		Debug|Any CPU = Debug|Any CPU
		Release|Any CPU = Release|Any CPU
	EndGlobalSection
	GlobalSection(ProjectConfigurationPlatforms) = postSolution
		{D634E50C-9657-4211-B05D-FB39427AD6E9}.Debug|Any CPU.ActiveCfg = Debug|Any CPU
		{D634E50C-9657-4211-B05D-FB39427AD6E9}.Debug|Any CPU.Build.0 = Debug|Any CPU
		{D634E50C-9657-4211-B05D-FB39427AD6E9}.Release|Any CPU.ActiveCfg = Release|Any CPU
		{D634E50C-9657-4211-B05D-FB39427AD6E9}.Release|Any CPU.Build.0 = Release|Any CPU
		{014696BB-2DB0-49EF-BAF6-FF03713ADD64}.Debug|Any CPU.ActiveCfg = Debug|Any CPU
		{014696BB-2DB0-49EF-BAF6-FF03713ADD64}.Debug|Any CPU.Build.0 = Debug|Any CPU
		{014696BB-2DB0-49EF-BAF6-FF03713ADD64}.Debug|Any CPU.Deploy.0 = Debug|Any CPU
		{014696BB-2DB0-49EF-BAF6-FF03713ADD64}.Release|Any CPU.ActiveCfg = Release|Any CPU
		{014696BB-2DB0-49EF-BAF6-FF03713ADD64}.Release|Any CPU.Build.0 = Release|Any CPU
	EndGlobalSection
	GlobalSection(SolutionProperties) = preSolution
		HideSolutionNode = FALSE
	EndGlobalSection
	GlobalSection(ExtensibilityGlobals) = postSolution
		SolutionGuid = {8F314980-66F9-46D3-BB0D-8770295D19A4}
	EndGlobalSection
EndGlobal
